{
  "version": 4,
  "terraform_version": "1.9.8",
  "serial": 152,
  "lineage": "21f94608-a37b-5c52-11c3-f8e3229a9096",
  "outputs": {
    "db_subnet_id": {
      "value": "/subscriptions/8988d7f0-8d24-4a51-b941-fdcebd4181d2/resourceGroups/junia-shop2024-rg-jbx3c0/providers/Microsoft.Network/virtualNetworks/junia-shop2024-vnet-jbx3c0/subnets/db-subnet-jbx3c0",
      "type": "string"
    },
    "db_subnet_name": {
      "value": "db-subnet-jbx3c0",
      "type": "string"
    },
    "postgresql_administrator_login": {
      "value": "Amiche",
      "type": "string"
    },
    "postgresql_database_name": {
      "value": "app_db",
      "type": "string"
    },
    "postgresql_server_name": {
      "value": "junia-shop2024-postgresql-jbx3c0",
      "type": "string"
    },
    "resource_group_name": {
      "value": "junia-shop2024-rg-jbx3c0",
      "type": "string"
    },
    "vnet_id": {
      "value": "/subscriptions/8988d7f0-8d24-4a51-b941-fdcebd4181d2/resourceGroups/junia-shop2024-rg-jbx3c0/providers/Microsoft.Network/virtualNetworks/junia-shop2024-vnet-jbx3c0",
      "type": "string"
    },
    "vnet_name": {
      "value": "junia-shop2024-vnet-jbx3c0",
      "type": "string"
    }
  },
  "resources": [
    {
      "mode": "managed",
      "type": "azurerm_resource_group",
      "name": "main",
      "provider": "provider[\"registry.terraform.io/hashicorp/azurerm\"]",
      "instances": [
        {
          "schema_version": 0,
          "attributes": {
            "id": "/subscriptions/8988d7f0-8d24-4a51-b941-fdcebd4181d2/resourceGroups/junia-shop2024-rg-jbx3c0",
            "location": "francecentral",
            "managed_by": "",
            "name": "junia-shop2024-rg-jbx3c0",
            "tags": {},
            "timeouts": null
          },
          "sensitive_attributes": [],
          "private": "eyJlMmJmYjczMC1lY2FhLTExZTYtOGY4OC0zNDM2M2JjN2M0YzAiOnsiY3JlYXRlIjo1NDAwMDAwMDAwMDAwLCJkZWxldGUiOjU0MDAwMDAwMDAwMDAsInJlYWQiOjMwMDAwMDAwMDAwMCwidXBkYXRlIjo1NDAwMDAwMDAwMDAwfX0=",
          "dependencies": [
            "random_string.unique_suffix"
          ]
        }
      ]
    },
    {
      "mode": "managed",
      "type": "random_string",
      "name": "unique_suffix",
      "provider": "provider[\"registry.terraform.io/hashicorp/random\"]",
      "instances": [
        {
          "schema_version": 2,
          "attributes": {
            "id": "jbx3c0",
            "keepers": null,
            "length": 6,
            "lower": true,
            "min_lower": 0,
            "min_numeric": 0,
            "min_special": 0,
            "min_upper": 0,
            "number": true,
            "numeric": true,
            "override_special": null,
            "result": "jbx3c0",
            "special": false,
            "upper": false
          },
          "sensitive_attributes": []
        }
      ]
    },
    {
      "module": "module.vnet",
      "mode": "managed",
      "type": "azurerm_subnet",
      "name": "db_subnet",
      "provider": "provider[\"registry.terraform.io/hashicorp/azurerm\"]",
      "instances": [
        {
          "schema_version": 0,
          "attributes": {
            "address_prefixes": [
              "10.0.1.0/24"
            ],
            "default_outbound_access_enabled": true,
            "delegation": [
              {
                "name": "db-delegation",
                "service_delegation": [
                  {
                    "actions": [
                      "Microsoft.Network/virtualNetworks/subnets/join/action"
                    ],
                    "name": "Microsoft.DBforPostgreSQL/flexibleServers"
                  }
                ]
              }
            ],
            "enforce_private_link_endpoint_network_policies": false,
            "enforce_private_link_service_network_policies": false,
            "id": "/subscriptions/8988d7f0-8d24-4a51-b941-fdcebd4181d2/resourceGroups/junia-shop2024-rg-jbx3c0/providers/Microsoft.Network/virtualNetworks/junia-shop2024-vnet-jbx3c0/subnets/db-subnet-jbx3c0",
            "name": "db-subnet-jbx3c0",
            "private_endpoint_network_policies": "Enabled",
            "private_endpoint_network_policies_enabled": true,
            "private_link_service_network_policies_enabled": true,
            "resource_group_name": "junia-shop2024-rg-jbx3c0",
            "service_endpoint_policy_ids": [],
            "service_endpoints": [
              "Microsoft.KeyVault",
              "Microsoft.Storage"
            ],
            "timeouts": null,
            "virtual_network_name": "junia-shop2024-vnet-jbx3c0"
          },
          "sensitive_attributes": [],
          "private": "eyJlMmJmYjczMC1lY2FhLTExZTYtOGY4OC0zNDM2M2JjN2M0YzAiOnsiY3JlYXRlIjoxODAwMDAwMDAwMDAwLCJkZWxldGUiOjE4MDAwMDAwMDAwMDAsInJlYWQiOjMwMDAwMDAwMDAwMCwidXBkYXRlIjoxODAwMDAwMDAwMDAwfX0=",
          "dependencies": [
            "azurerm_resource_group.main",
            "module.vnet.azurerm_virtual_network.main",
            "random_string.unique_suffix"
          ]
        }
      ]
    },
    {
      "module": "module.vnet",
      "mode": "managed",
      "type": "azurerm_virtual_network",
      "name": "main",
      "provider": "provider[\"registry.terraform.io/hashicorp/azurerm\"]",
      "instances": [
        {
          "schema_version": 0,
          "attributes": {
            "address_space": [
              "10.0.0.0/16"
            ],
            "bgp_community": "",
            "ddos_protection_plan": [],
            "dns_servers": [],
            "edge_zone": "",
            "encryption": [],
            "flow_timeout_in_minutes": 0,
            "guid": "df11bccb-53e1-4a46-851f-f01e664fcde1",
            "id": "/subscriptions/8988d7f0-8d24-4a51-b941-fdcebd4181d2/resourceGroups/junia-shop2024-rg-jbx3c0/providers/Microsoft.Network/virtualNetworks/junia-shop2024-vnet-jbx3c0",
            "location": "francecentral",
            "name": "junia-shop2024-vnet-jbx3c0",
            "resource_group_name": "junia-shop2024-rg-jbx3c0",
            "subnet": [
              {
                "address_prefix": "10.0.1.0/24",
                "id": "/subscriptions/8988d7f0-8d24-4a51-b941-fdcebd4181d2/resourceGroups/junia-shop2024-rg-jbx3c0/providers/Microsoft.Network/virtualNetworks/junia-shop2024-vnet-jbx3c0/subnets/db-subnet-jbx3c0",
                "name": "db-subnet-jbx3c0",
                "security_group": ""
              }
            ],
            "tags": {
              "environment": "dev",
              "project": "junia-shop2024"
            },
            "timeouts": null
          },
          "sensitive_attributes": [],
          "private": "eyJlMmJmYjczMC1lY2FhLTExZTYtOGY4OC0zNDM2M2JjN2M0YzAiOnsiY3JlYXRlIjoxODAwMDAwMDAwMDAwLCJkZWxldGUiOjE4MDAwMDAwMDAwMDAsInJlYWQiOjMwMDAwMDAwMDAwMCwidXBkYXRlIjoxODAwMDAwMDAwMDAwfX0=",
          "dependencies": [
            "azurerm_resource_group.main",
            "random_string.unique_suffix"
          ]
        }
      ]
    }
  ],
  "check_results": null
}
